// !$*UTF8*$!
{
	archiveVersion = 1;
	classes = {
	};
	objectVersion = 50;
	objects = {

/* Begin PBXBuildFile section */
		AE651EFC212CE319004717F7 /* SecondVC.swift in Sources */ = {isa = PBXBuildFile; fileRef = AE651EFB212CE319004717F7 /* SecondVC.swift */; };
		AEC902CE212C94D500F0FEA7 /* AppDelegate.swift in Sources */ = {isa = PBXBuildFile; fileRef = AEC902CD212C94D500F0FEA7 /* AppDelegate.swift */; };
		AEC902D0212C94D500F0FEA7 /* ViewController.swift in Sources */ = {isa = PBXBuildFile; fileRef = AEC902CF212C94D500F0FEA7 /* ViewController.swift */; };
		AEC902D3212C94D500F0FEA7 /* Main.storyboard in Resources */ = {isa = PBXBuildFile; fileRef = AEC902D1212C94D500F0FEA7 /* Main.storyboard */; };
		AEC902D5212C94D500F0FEA7 /* Assets.xcassets in Resources */ = {isa = PBXBuildFile; fileRef = AEC902D4212C94D500F0FEA7 /* Assets.xcassets */; };
		AEC902D8212C94D500F0FEA7 /* LaunchScreen.storyboard in Resources */ = {isa = PBXBuildFile; fileRef = AEC902D6212C94D500F0FEA7 /* LaunchScreen.storyboard */; };
		AEC902E0212C94FD00F0FEA7 /* StickyHeaderView.swift in Sources */ = {isa = PBXBuildFile; fileRef = AEC902DF212C94FD00F0FEA7 /* StickyHeaderView.swift */; };
		AECD2ECF212CABEB00143352 /* LPLColors.swift in Sources */ = {isa = PBXBuildFile; fileRef = AECD2ECE212CABEA00143352 /* LPLColors.swift */; };
/* End PBXBuildFile section */

/* Begin PBXFileReference section */
		AE651EFB212CE319004717F7 /* SecondVC.swift */ = {isa = PBXFileReference; lastKnownFileType = sourcecode.swift; path = SecondVC.swift; sourceTree = "<group>"; };
		AEC902CA212C94D500F0FEA7 /* KefBytes_StickyHeader.app */ = {isa = PBXFileReference; explicitFileType = wrapper.application; includeInIndex = 0; path = KefBytes_StickyHeader.app; sourceTree = BUILT_PRODUCTS_DIR; };
		AEC902CD212C94D500F0FEA7 /* AppDelegate.swift */ = {isa = PBXFileReference; lastKnownFileType = sourcecode.swift; path = AppDelegate.swift; sourceTree = "<group>"; };
		AEC902CF212C94D500F0FEA7 /* ViewController.swift */ = {isa = PBXFileReference; lastKnownFileType = sourcecode.swift; path = ViewController.swift; sourceTree = "<group>"; };
		AEC902D2212C94D500F0FEA7 /* Base */ = {isa = PBXFileReference; lastKnownFileType = file.storyboard; name = Base; path = Base.lproj/Main.storyboard; sourceTree = "<group>"; };
		AEC902D4212C94D500F0FEA7 /* Assets.xcassets */ = {isa = PBXFileReference; lastKnownFileType = folder.assetcatalog; path = Assets.xcassets; sourceTree = "<group>"; };
		AEC902D7212C94D500F0FEA7 /* Base */ = {isa = PBXFileReference; lastKnownFileType = file.storyboard; name = Base; path = Base.lproj/LaunchScreen.storyboard; sourceTree = "<group>"; };
		AEC902D9212C94D500F0FEA7 /* Info.plist */ = {isa = PBXFileReference; lastKnownFileType = text.plist.xml; path = Info.plist; sourceTree = "<group>"; };
		AEC902DF212C94FD00F0FEA7 /* StickyHeaderView.swift */ = {isa = PBXFileReference; lastKnownFileType = sourcecode.swift; path = StickyHeaderView.swift; sourceTree = "<group>"; };
		AECD2ECE212CABEA00143352 /* LPLColors.swift */ = {isa = PBXFileReference; fileEncoding = 4; lastKnownFileType = sourcecode.swift; path = LPLColors.swift; sourceTree = "<group>"; };
/* End PBXFileReference section */

/* Begin PBXFrameworksBuildPhase section */
		AEC902C7212C94D500F0FEA7 /* Frameworks */ = {
			isa = PBXFrameworksBuildPhase;
			buildActionMask = 2147483647;
			files = (
			);
			runOnlyForDeploymentPostprocessing = 0;
		};
/* End PBXFrameworksBuildPhase section */

/* Begin PBXGroup section */
		AEC902C1212C94D500F0FEA7 = {
			isa = PBXGroup;
			children = (
				AEC902CC212C94D500F0FEA7 /* KefBytes_StickyHeader */,
				AEC902CB212C94D500F0FEA7 /* Products */,
			);
			sourceTree = "<group>";
		};
		AEC902CB212C94D500F0FEA7 /* Products */ = {
			isa = PBXGroup;
			children = (
				AEC902CA212C94D500F0FEA7 /* KefBytes_StickyHeader.app */,
			);
			name = Products;
			sourceTree = "<group>";
		};
		AEC902CC212C94D500F0FEA7 /* KefBytes_StickyHeader */ = {
			isa = PBXGroup;
			children = (
				AECD2ECE212CABEA00143352 /* LPLColors.swift */,
				AEC902CD212C94D500F0FEA7 /* AppDelegate.swift */,
				AEC902CF212C94D500F0FEA7 /* ViewController.swift */,
				AEC902DF212C94FD00F0FEA7 /* StickyHeaderView.swift */,
				AEC902D1212C94D500F0FEA7 /* Main.storyboard */,
				AEC902D4212C94D500F0FEA7 /* Assets.xcassets */,
				AEC902D6212C94D500F0FEA7 /* LaunchScreen.storyboard */,
				AEC902D9212C94D500F0FEA7 /* Info.plist */,
				AE651EFB212CE319004717F7 /* SecondVC.swift */,
			);
			path = KefBytes_StickyHeader;
			sourceTree = "<group>";
		};
/* End PBXGroup section */

/* Begin PBXNativeTarget section */
		AEC902C9212C94D500F0FEA7 /* KefBytes_StickyHeader */ = {
			isa = PBXNativeTarget;
			buildConfigurationList = AEC902DC212C94D500F0FEA7 /* Build configuration list for PBXNativeTarget "KefBytes_StickyHeader" */;
			buildPhases = (
				AEC902C6212C94D500F0FEA7 /* Sources */,
				AEC902C7212C94D500F0FEA7 /* Frameworks */,
				AEC902C8212C94D500F0FEA7 /* Resources */,
			);
			buildRules = (
			);
			dependencies = (
			);
			name = KefBytes_StickyHeader;
			productName = KefBytes_StickyHeader;
			productReference = AEC902CA212C94D500F0FEA7 /* KefBytes_StickyHeader.app */;
			productType = "com.apple.product-type.application";
		};
/* End PBXNativeTarget section */

/* Begin PBXProject section */
		AEC902C2212C94D500F0FEA7 /* Project object */ = {
			isa = PBXProject;
			attributes = {
				LastSwiftUpdateCheck = 0940;
				LastUpgradeCheck = 0940;
				ORGANIZATIONNAME = "Kent Franks";
				TargetAttributes = {
					AEC902C9212C94D500F0FEA7 = {
						CreatedOnToolsVersion = 9.4;
					};
				};
			};
			buildConfigurationList = AEC902C5212C94D500F0FEA7 /* Build configuration list for PBXProject "KefBytes_StickyHeader" */;
			compatibilityVersion = "Xcode 9.3";
			developmentRegion = en;
			hasScannedForEncodings = 0;
			knownRegions = (
				en,
				Base,
			);
			mainGroup = AEC902C1212C94D500F0FEA7;
			productRefGroup = AEC902CB212C94D500F0FEA7 /* Products */;
			projectDirPath = "";
			projectRoot = "";
			targets = (
				AEC902C9212C94D500F0FEA7 /* KefBytes_StickyHeader */,
			);
		};
/* End PBXProject section */

/* Begin PBXResourcesBuildPhase section */
		AEC902C8212C94D500F0FEA7 /* Resources */ = {
			isa = PBXResourcesBuildPhase;
			buildActionMask = 2147483647;
			files = (
				AEC902D8212C94D500F0FEA7 /* LaunchScreen.storyboard in Resources */,
				AEC902D5212C94D500F0FEA7 /* Assets.xcassets in Resources */,
				AEC902D3212C94D500F0FEA7 /* Main.storyboard in Resources */,
			);
			runOnlyForDeploymentPostprocessing = 0;
		};
/* End PBXResourcesBuildPhase section */

/* Begin PBXSourcesBuildPhase section */
		AEC902C6212C94D500F0FEA7 /* Sources */ = {
			isa = PBXSourcesBuildPhase;
			buildActionMask = 2147483647;
			files = (
				AECD2ECF212CABEB00143352 /* LPLColors.swift in Sources */,
				AE651EFC212CE319004717F7 /* SecondVC.swift in Sources */,
				AEC902D0212C94D500F0FEA7 /* ViewController.swift in Sources */,
				AEC902E0212C94FD00F0FEA7 /* StickyHeaderView.swift in Sources */,
				AEC902CE212C94D500F0FEA7 /* AppDelegate.swift in Sources */,
			);
			runOnlyForDeploymentPostprocessing = 0;
		};
/* End PBXSourcesBuildPhase section */

/* Begin PBXVariantGroup section */
		AEC902D1212C94D500F0FEA7 /* Main.storyboard */ = {
			isa = PBXVariantGroup;
			children = (
				AEC902D2212C94D500F0FEA7 /* Base */,
			);
			name = Main.storyboard;
			sourceTree = "<group>";
		};
		AEC902D6212C94D500F0FEA7 /* LaunchScreen.storyboard */ = {
			isa = PBXVariantGroup;
			children = (
				AEC902D7212C94D500F0FEA7 /* Base */,
			);
			name = LaunchScreen.storyboard;
			sourceTree = "<group>";
		};
/* End PBXVariantGroup section */

/* Begin XCBuildConfiguration section */
		AEC902DA212C94D500F0FEA7 /* Debug */ = {
			isa = XCBuildConfiguration;
			buildSettings = {
				ALWAYS_SEARCH_USER_PATHS = NO;
				CLANG_ANALYZER_NONNULL = YES;
				CLANG_ANALYZER_NUMBER_OBJECT_CONVERSION = YES_AGGRESSIVE;
				CLANG_CXX_LANGUAGE_STANDARD = "gnu++14";
				CLANG_CXX_LIBRARY = "libc++";
				CLANG_ENABLE_MODULES = YES;
				CLANG_ENABLE_OBJC_ARC = YES;
				CLANG_ENABLE_OBJC_WEAK = YES;
				CLANG_WARN_BLOCK_CAPTURE_AUTORELEASING = YES;
				CLANG_WARN_BOOL_CONVERSION = YES;
				CLANG_WARN_COMMA = YES;
				CLANG_WARN_CONSTANT_CONVERSION = YES;
				CLANG_WARN_DEPRECATED_OBJC_IMPLEMENTATIONS = YES;
				CLANG_WARN_DIRECT_OBJC_ISA_USAGE = YES_ERROR;
				CLANG_WARN_DOCUMENTATION_COMMENTS = YES;
				CLANG_WARN_EMPTY_BODY = YES;
				CLANG_WARN_ENUM_CONVERSION = YES;
				CLANG_WARN_INFINITE_RECURSION = YES;
				CLANG_WARN_INT_CONVERSION = YES;
				CLANG_WARN_NON_LITERAL_NULL_CONVERSION = YES;
				CLANG_WARN_OBJC_IMPLICIT_RETAIN_SELF = YES;
				CLANG_WARN_OBJC_LITERAL_CONVERSION = YES;
				CLANG_WARN_OBJC_ROOT_CLASS = YES_ERROR;
				CLANG_WARN_RANGE_LOOP_ANALYSIS = YES;
				CLANG_WARN_STRICT_PROTOTYPES = YES;
				CLANG_WARN_SUSPICIOUS_MOVE = YES;
				CLANG_WARN_UNGUARDED_AVAILABILITY = YES_AGGRESSIVE;
				CLANG_WARN_UNREACHABLE_CODE = YES;
				CLANG_WARN__DUPLICATE_METHOD_MATCH = YES;
				CODE_SIGN_IDENTITY = "iPhone Developer";
				COPY_PHASE_STRIP = NO;
				DEBUG_INFORMATION_FORMAT = dwarf;
				ENABLE_STRICT_OBJC_MSGSEND = YES;
				ENABLE_TESTABILITY = YES;
				GCC_C_LANGUAGE_STANDARD = gnu11;
				GCC_DYNAMIC_NO_PIC = NO;
				GCC_NO_COMMON_BLOCKS = YES;
				GCC_OPTIMIZATION_LEVEL = 0;
				GCC_PREPROCESSOR_DEFINITIONS = (
					"DEBUG=1",
					"$(inherited)",
				);
				GCC_WARN_64_TO_32_BIT_CONVERSION = YES;
				GCC_WARN_ABOUT_RETURN_TYPE = YES_ERROR;
				GCC_WARN_UNDECLARED_SELECTOR = YES;
				GCC_WARN_UNINITIALIZED_AUTOS = YES_AGGRESSIVE;
				GCC_WARN_UNUSED_FUNCTION = YES;
				GCC_WARN_UNUSED_VARIABLE = YES;
				IPHONEOS_DEPLOYMENT_TARGET = 11.4;
				MTL_ENABLE_DEBUG_INFO = YES;
				ONLY_ACTIVE_ARCH = YES;
				SDKROOT = iphoneos;
				SWIFT_ACTIVE_COMPILATION_CONDITIONS = DEBUG;
				SWIFT_OPTIMIZATION_LEVEL = "-Onone";
			};
			name = Debug;
		};
		AEC902DB212C94D500F0FEA7 /* Release */ = {
			isa = XCBuildConfiguration;
			buildSettings = {
				ALWAYS_SEARCH_USER_PATHS = NO;
				CLANG_ANALYZER_NONNULL = YES;
				CLANG_ANALYZER_NUMBER_OBJECT_CONVERSION = YES_AGGRESSIVE;
				CLANG_CXX_LANGUAGE_STANDARD = "gnu++14";
				CLANG_CXX_LIBRARY = "libc++";
				CLANG_ENABLE_MODULES = YES;
				CLANG_ENABLE_OBJC_ARC = YES;
				CLANG_ENABLE_OBJC_WEAK = YES;
				CLANG_WARN_BLOCK_CAPTURE_AUTORELEASING = YES;
				CLANG_WARN_BOOL_CONVERSION = YES;
				CLANG_WARN_COMMA = YES;
				CLANG_WARN_CONSTANT_CONVERSION = YES;
				CLANG_WARN_DEPRECATED_OBJC_IMPLEMENTATIONS = YES;
				CLANG_WARN_DIRECT_OBJC_ISA_USAGE = YES_ERROR;
				CLANG_WARN_DOCUMENTATION_COMMENTS = YES;
				CLANG_WARN_EMPTY_BODY = YES;
				CLANG_WARN_ENUM_CONVERSION = YES;
				CLANG_WARN_INFINITE_RECURSION = YES;
				CLANG_WARN_INT_CONVERSION = YES;
				CLANG_WARN_NON_LITERAL_NULL_CONVERSION = YES;
				CLANG_WARN_OBJC_IMPLICIT_RETAIN_SELF = YES;
				CLANG_WARN_OBJC_LITERAL_CONVERSION = YES;
				CLANG_WARN_OBJC_ROOT_CLASS = YES_ERROR;
				CLANG_WARN_RANGE_LOOP_ANALYSIS = YES;
				CLANG_WARN_STRICT_PROTOTYPES = YES;
				CLANG_WARN_SUSPICIOUS_MOVE = YES;
				CLANG_WARN_UNGUARDED_AVAILABILITY = YES_AGGRESSIVE;
				CLANG_WARN_UNREACHABLE_CODE = YES;
				CLANG_WARN__DUPLICATE_METHOD_MATCH = YES;
				CODE_SIGN_IDENTITY = "iPhone Developer";
				COPY_PHASE_STRIP = NO;
				DEBUG_INFORMATION_FORMAT = "dwarf-with-dsym";
				ENABLE_NS_ASSERTIONS = NO;
				ENABLE_STRICT_OBJC_MSGSEND = YES;
				GCC_C_LANGUAGE_STANDARD = gnu11;
				GCC_NO_COMMON_BLOCKS = YES;
				GCC_WARN_64_TO_32_BIT_CONVERSION = YES;
				GCC_WARN_ABOUT_RETURN_TYPE = YES_ERROR;
				GCC_WARN_UNDECLARED_SELECTOR = YES;
				GCC_WARN_UNINITIALIZED_AUTOS = YES_AGGRESSIVE;
				GCC_WARN_UNUSED_FUNCTION = YES;
				GCC_WARN_UNUSED_VARIABLE = YES;
				IPHONEOS_DEPLOYMENT_TARGET = 11.4;
				MTL_ENABLE_DEBUG_INFO = NO;
				SDKROOT = iphoneos;
				SWIFT_COMPILATION_MODE = wholemodule;
				SWIFT_OPTIMIZATION_LEVEL = "-O";
				VALIDATE_PRODUCT = YES;
			};
			name = Release;
		};
		AEC902DD212C94D500F0FEA7 /* Debug */ = {
			isa = XCBuildConfiguration;
			buildSettings = {
				ASSETCATALOG_COMPILER_APPICON_NAME = AppIcon;
				CODE_SIGN_STYLE = Automatic;
				DEVELOPMENT_TEAM = 83JDSF7P4Q;
				INFOPLIST_FILE = KefBytes_StickyHeader/Info.plist;
				LD_RUNPATH_SEARCH_PATHS = (
					"$(inherited)",
					"@executable_path/Frameworks",
				);
				PRODUCT_BUNDLE_IDENTIFIER = "KefBytes-LLC.KefBytes-StickyHeader";
				PRODUCT_NAME = "$(TARGET_NAME)";
				SWIFT_VERSION = 4.0;
				TARGETED_DEVICE_FAMILY = "1,2";
			};
			name = Debug;
		};
		AEC902DE212C94D500F0FEA7 /* Release */ = {
			isa = XCBuildConfiguration;
			buildSettings = {
				ASSETCATALOG_COMPILER_APPICON_NAME = AppIcon;
				CODE_SIGN_STYLE = Automatic;
				DEVELOPMENT_TEAM = 83JDSF7P4Q;
				INFOPLIST_FILE = KefBytes_StickyHeader/Info.plist;
				LD_RUNPATH_SEARCH_PATHS = (
					"$(inherited)",
					"@executable_path/Frameworks",
				);
				PRODUCT_BUNDLE_IDENTIFIER = "KefBytes-LLC.KefBytes-StickyHeader";
				PRODUCT_NAME = "$(TARGET_NAME)";
				SWIFT_VERSION = 4.0;
				TARGETED_DEVICE_FAMILY = "1,2";
			};
			name = Release;
		};
/* End XCBuildConfiguration section */

/* Begin XCConfigurationList section */
		AEC902C5212C94D500F0FEA7 /* Build configuration list for PBXProject "KefBytes_StickyHeader" */ = {
			isa = XCConfigurationList;
			buildConfigurations = (
				AEC902DA212C94D500F0FEA7 /* Debug */,
				AEC902DB212C94D500F0FEA7 /* Release */,
			);
			defaultConfigurationIsVisible = 0;
			defaultConfigurationName = Release;
		};
		AEC902DC212C94D500F0FEA7 /* Build configuration list for PBXNativeTarget "KefBytes_StickyHeader" */ = {
			isa = XCConfigurationList;
			buildConfigurations = (
				AEC902DD212C94D500F0FEA7 /* Debug */,
				AEC902DE212C94D500F0FEA7 /* Release */,
			);
			defaultConfigurationIsVisible = 0;
			defaultConfigurationName = Release;
		};
/* End XCConfigurationList section */
	};
	rootObject = AEC902C2212C94D500F0FEA7 /* Project object */;
}
